
Microsoft Visual Studio Solution File, Format Version 12.00
# Visual Studio Version 17
VisualStudioVersion = 17.0.32014.148
MinimumVisualStudioVersion = 10.0.40219.1
Project("{9A19103F-16F7-4668-BE54-9A1E7A4F7556}") = "PrintScrn", "PrintScrn\PrintScrn.csproj", "{E502DA1C-CF37-481C-ABFE-118C04DFB667}"
EndProject
Project("{FAE04EC0-301F-11D3-BF4B-00C04F79EFBC}") = "TestingArea", "TestingArea\TestingArea.csproj", "{D9979AE5-B5E9-4763-9795-0FF9CC68E78B}"
EndProject
Global
	GlobalSection(SolutionConfigurationPlatforms) = preSolution
		Debug|Any CPU = Debug|Any CPU
		Release|Any CPU = Release|Any CPU
	EndGlobalSection
	GlobalSection(ProjectConfigurationPlatforms) = postSolution
		{E502DA1C-CF37-481C-ABFE-118C04DFB667}.Debug|Any CPU.ActiveCfg = Debug|Any CPU
		{E502DA1C-CF37-481C-ABFE-118C04DFB667}.Debug|Any CPU.Build.0 = Debug|Any CPU
		{E502DA1C-CF37-481C-ABFE-118C04DFB667}.Release|Any CPU.ActiveCfg = Release|Any CPU
		{E502DA1C-CF37-481C-ABFE-118C04DFB667}.Release|Any CPU.Build.0 = Release|Any CPU
		{D9979AE5-B5E9-4763-9795-0FF9CC68E78B}.Debug|Any CPU.ActiveCfg = Debug|Any CPU
		{D9979AE5-B5E9-4763-9795-0FF9CC68E78B}.Debug|Any CPU.Build.0 = Debug|Any CPU
		{D9979AE5-B5E9-4763-9795-0FF9CC68E78B}.Release|Any CPU.ActiveCfg = Release|Any CPU
		{D9979AE5-B5E9-4763-9795-0FF9CC68E78B}.Release|Any CPU.Build.0 = Release|Any CPU
	EndGlobalSection
	GlobalSection(SolutionProperties) = preSolution
		HideSolutionNode = FALSE
	EndGlobalSection
	GlobalSection(ExtensibilityGlobals) = postSolution
		SolutionGuid = {CB20F3B2-C5B1-47B1-A443-FE2F32B26C42}
	EndGlobalSection
EndGlobal
